// !$*UTF8*$!
{
	archiveVersion = 1;
	classes = {
	};
	objectVersion = 46;
	objects = {

/* Begin PBXBuildFile section */
		10019541192EEBA3009337BD /* Foundation.framework in Frameworks */ = {isa = PBXBuildFile; fileRef = 10019540192EEBA3009337BD /* Foundation.framework */; };
		10019543192EEBA3009337BD /* CoreGraphics.framework in Frameworks */ = {isa = PBXBuildFile; fileRef = 10019542192EEBA3009337BD /* CoreGraphics.framework */; };
		10019545192EEBA3009337BD /* UIKit.framework in Frameworks */ = {isa = PBXBuildFile; fileRef = 10019544192EEBA3009337BD /* UIKit.framework */; };
		1001954B192EEBA3009337BD /* InfoPlist.strings in Resources */ = {isa = PBXBuildFile; fileRef = 10019549192EEBA3009337BD /* InfoPlist.strings */; };
		1001954D192EEBA3009337BD /* main.m in Sources */ = {isa = PBXBuildFile; fileRef = 1001954C192EEBA3009337BD /* main.m */; };
		10019551192EEBA3009337BD /* SLYAppDelegate.m in Sources */ = {isa = PBXBuildFile; fileRef = 10019550192EEBA3009337BD /* SLYAppDelegate.m */; };
		10019553192EEBA3009337BD /* Images.xcassets in Resources */ = {isa = PBXBuildFile; fileRef = 10019552192EEBA3009337BD /* Images.xcassets */; };
		1001955A192EEBA3009337BD /* XCTest.framework in Frameworks */ = {isa = PBXBuildFile; fileRef = 10019559192EEBA3009337BD /* XCTest.framework */; };
		1001955B192EEBA3009337BD /* Foundation.framework in Frameworks */ = {isa = PBXBuildFile; fileRef = 10019540192EEBA3009337BD /* Foundation.framework */; };
		1001955C192EEBA3009337BD /* UIKit.framework in Frameworks */ = {isa = PBXBuildFile; fileRef = 10019544192EEBA3009337BD /* UIKit.framework */; };
		10019564192EEBA3009337BD /* InfoPlist.strings in Resources */ = {isa = PBXBuildFile; fileRef = 10019562192EEBA3009337BD /* InfoPlist.strings */; };
		10019566192EEBA3009337BD /* SimmerSchoolTests.m in Sources */ = {isa = PBXBuildFile; fileRef = 10019565192EEBA3009337BD /* SimmerSchoolTests.m */; };
		10019574192EFD9B009337BD /* SLYRecipeBadge.m in Sources */ = {isa = PBXBuildFile; fileRef = 10019573192EFD9B009337BD /* SLYRecipeBadge.m */; };
		100195781931098A009337BD /* SLYGameViewController.m in Sources */ = {isa = PBXBuildFile; fileRef = 100195761931098A009337BD /* SLYGameViewController.m */; };
		100195791931098A009337BD /* SLYGameViewController.xib in Resources */ = {isa = PBXBuildFile; fileRef = 100195771931098A009337BD /* SLYGameViewController.xib */; };
		1001958919310E7D009337BD /* SLYRecipe.m in Sources */ = {isa = PBXBuildFile; fileRef = 1001958819310E7D009337BD /* SLYRecipe.m */; };
		1001958C193110C7009337BD /* SLYRecipeStepView.m in Sources */ = {isa = PBXBuildFile; fileRef = 1001958B193110C7009337BD /* SLYRecipeStepView.m */; };
		106D2B67193468F7000FCB5F /* SLYRecipeViewController.m in Sources */ = {isa = PBXBuildFile; fileRef = 106D2B66193468F7000FCB5F /* SLYRecipeViewController.m */; };
		10835E2219366C97005EAB0C /* SLYRecipeStepViewController.m in Sources */ = {isa = PBXBuildFile; fileRef = 10835E2019366C97005EAB0C /* SLYRecipeStepViewController.m */; };
		10835E2319366C97005EAB0C /* SLYRecipeStepViewController.xib in Resources */ = {isa = PBXBuildFile; fileRef = 10835E2119366C97005EAB0C /* SLYRecipeStepViewController.xib */; };
		10835E26193670FD005EAB0C /* SLYRecipeFlowView.m in Sources */ = {isa = PBXBuildFile; fileRef = 10835E25193670FD005EAB0C /* SLYRecipeFlowView.m */; };
		10835E29193674BB005EAB0C /* SLYRecipeFlowBoxView.m in Sources */ = {isa = PBXBuildFile; fileRef = 10835E28193674BB005EAB0C /* SLYRecipeFlowBoxView.m */; };
		10835E301936A085005EAB0C /* Montserrat-Bold.ttf in Resources */ = {isa = PBXBuildFile; fileRef = 10835E2E1936A085005EAB0C /* Montserrat-Bold.ttf */; };
		10835E311936A085005EAB0C /* Montserrat-Regular.ttf in Resources */ = {isa = PBXBuildFile; fileRef = 10835E2F1936A085005EAB0C /* Montserrat-Regular.ttf */; };
/* End PBXBuildFile section */

/* Begin PBXContainerItemProxy section */
		1001955D192EEBA3009337BD /* PBXContainerItemProxy */ = {
			isa = PBXContainerItemProxy;
			containerPortal = 10019535192EEBA3009337BD /* Project object */;
			proxyType = 1;
			remoteGlobalIDString = 1001953C192EEBA3009337BD;
			remoteInfo = SimmerSchool;
		};
/* End PBXContainerItemProxy section */

/* Begin PBXFileReference section */
		1001953D192EEBA3009337BD /* SimmerSchool.app */ = {isa = PBXFileReference; explicitFileType = wrapper.application; includeInIndex = 0; path = SimmerSchool.app; sourceTree = BUILT_PRODUCTS_DIR; };
		10019540192EEBA3009337BD /* Foundation.framework */ = {isa = PBXFileReference; lastKnownFileType = wrapper.framework; name = Foundation.framework; path = System/Library/Frameworks/Foundation.framework; sourceTree = SDKROOT; };
		10019542192EEBA3009337BD /* CoreGraphics.framework */ = {isa = PBXFileReference; lastKnownFileType = wrapper.framework; name = CoreGraphics.framework; path = System/Library/Frameworks/CoreGraphics.framework; sourceTree = SDKROOT; };
		10019544192EEBA3009337BD /* UIKit.framework */ = {isa = PBXFileReference; lastKnownFileType = wrapper.framework; name = UIKit.framework; path = System/Library/Frameworks/UIKit.framework; sourceTree = SDKROOT; };
		10019548192EEBA3009337BD /* SimmerSchool-Info.plist */ = {isa = PBXFileReference; lastKnownFileType = text.plist.xml; path = "SimmerSchool-Info.plist"; sourceTree = "<group>"; };
		1001954A192EEBA3009337BD /* en */ = {isa = PBXFileReference; lastKnownFileType = text.plist.strings; name = en; path = en.lproj/InfoPlist.strings; sourceTree = "<group>"; };
		1001954C192EEBA3009337BD /* main.m */ = {isa = PBXFileReference; lastKnownFileType = sourcecode.c.objc; path = main.m; sourceTree = "<group>"; };
		1001954E192EEBA3009337BD /* SimmerSchool-Prefix.pch */ = {isa = PBXFileReference; lastKnownFileType = sourcecode.c.h; path = "SimmerSchool-Prefix.pch"; sourceTree = "<group>"; };
		1001954F192EEBA3009337BD /* SLYAppDelegate.h */ = {isa = PBXFileReference; lastKnownFileType = sourcecode.c.h; path = SLYAppDelegate.h; sourceTree = "<group>"; };
		10019550192EEBA3009337BD /* SLYAppDelegate.m */ = {isa = PBXFileReference; lastKnownFileType = sourcecode.c.objc; path = SLYAppDelegate.m; sourceTree = "<group>"; };
		10019552192EEBA3009337BD /* Images.xcassets */ = {isa = PBXFileReference; lastKnownFileType = folder.assetcatalog; path = Images.xcassets; sourceTree = "<group>"; };
		10019558192EEBA3009337BD /* SimmerSchoolTests.xctest */ = {isa = PBXFileReference; explicitFileType = wrapper.cfbundle; includeInIndex = 0; path = SimmerSchoolTests.xctest; sourceTree = BUILT_PRODUCTS_DIR; };
		10019559192EEBA3009337BD /* XCTest.framework */ = {isa = PBXFileReference; lastKnownFileType = wrapper.framework; name = XCTest.framework; path = Library/Frameworks/XCTest.framework; sourceTree = DEVELOPER_DIR; };
		10019561192EEBA3009337BD /* SimmerSchoolTests-Info.plist */ = {isa = PBXFileReference; lastKnownFileType = text.plist.xml; path = "SimmerSchoolTests-Info.plist"; sourceTree = "<group>"; };
		10019563192EEBA3009337BD /* en */ = {isa = PBXFileReference; lastKnownFileType = text.plist.strings; name = en; path = en.lproj/InfoPlist.strings; sourceTree = "<group>"; };
		10019565192EEBA3009337BD /* SimmerSchoolTests.m */ = {isa = PBXFileReference; lastKnownFileType = sourcecode.c.objc; path = SimmerSchoolTests.m; sourceTree = "<group>"; };
		10019572192EFD9B009337BD /* SLYRecipeBadge.h */ = {isa = PBXFileReference; fileEncoding = 4; lastKnownFileType = sourcecode.c.h; name = SLYRecipeBadge.h; path = Models/SLYRecipeBadge.h; sourceTree = "<group>"; };
		10019573192EFD9B009337BD /* SLYRecipeBadge.m */ = {isa = PBXFileReference; fileEncoding = 4; lastKnownFileType = sourcecode.c.objc; name = SLYRecipeBadge.m; path = Models/SLYRecipeBadge.m; sourceTree = "<group>"; };
		100195751931098A009337BD /* SLYGameViewController.h */ = {isa = PBXFileReference; fileEncoding = 4; lastKnownFileType = sourcecode.c.h; name = SLYGameViewController.h; path = Controllers/SLYGameViewController.h; sourceTree = "<group>"; };
		100195761931098A009337BD /* SLYGameViewController.m */ = {isa = PBXFileReference; fileEncoding = 4; lastKnownFileType = sourcecode.c.objc; name = SLYGameViewController.m; path = Controllers/SLYGameViewController.m; sourceTree = "<group>"; };
		100195771931098A009337BD /* SLYGameViewController.xib */ = {isa = PBXFileReference; fileEncoding = 4; lastKnownFileType = file.xib; name = SLYGameViewController.xib; path = Controllers/SLYGameViewController.xib; sourceTree = "<group>"; };
		1001958719310E7D009337BD /* SLYRecipe.h */ = {isa = PBXFileReference; fileEncoding = 4; lastKnownFileType = sourcecode.c.h; name = SLYRecipe.h; path = Models/SLYRecipe.h; sourceTree = "<group>"; };
		1001958819310E7D009337BD /* SLYRecipe.m */ = {isa = PBXFileReference; fileEncoding = 4; lastKnownFileType = sourcecode.c.objc; name = SLYRecipe.m; path = Models/SLYRecipe.m; sourceTree = "<group>"; };
		1001958A193110C7009337BD /* SLYRecipeStepView.h */ = {isa = PBXFileReference; fileEncoding = 4; lastKnownFileType = sourcecode.c.h; name = SLYRecipeStepView.h; path = Views/SLYRecipeStepView.h; sourceTree = "<group>"; };
		1001958B193110C7009337BD /* SLYRecipeStepView.m */ = {isa = PBXFileReference; fileEncoding = 4; lastKnownFileType = sourcecode.c.objc; name = SLYRecipeStepView.m; path = Views/SLYRecipeStepView.m; sourceTree = "<group>"; };
		106D2B65193468F7000FCB5F /* SLYRecipeViewController.h */ = {isa = PBXFileReference; fileEncoding = 4; lastKnownFileType = sourcecode.c.h; name = SLYRecipeViewController.h; path = Controllers/SLYRecipeViewController.h; sourceTree = "<group>"; };
		106D2B66193468F7000FCB5F /* SLYRecipeViewController.m */ = {isa = PBXFileReference; fileEncoding = 4; lastKnownFileType = sourcecode.c.objc; name = SLYRecipeViewController.m; path = Controllers/SLYRecipeViewController.m; sourceTree = "<group>"; };
		10835E1F19366C97005EAB0C /* SLYRecipeStepViewController.h */ = {isa = PBXFileReference; fileEncoding = 4; lastKnownFileType = sourcecode.c.h; name = SLYRecipeStepViewController.h; path = Controllers/SLYRecipeStepViewController.h; sourceTree = "<group>"; };
		10835E2019366C97005EAB0C /* SLYRecipeStepViewController.m */ = {isa = PBXFileReference; fileEncoding = 4; lastKnownFileType = sourcecode.c.objc; name = SLYRecipeStepViewController.m; path = Controllers/SLYRecipeStepViewController.m; sourceTree = "<group>"; };
		10835E2119366C97005EAB0C /* SLYRecipeStepViewController.xib */ = {isa = PBXFileReference; fileEncoding = 4; lastKnownFileType = file.xib; name = SLYRecipeStepViewController.xib; path = Controllers/SLYRecipeStepViewController.xib; sourceTree = "<group>"; };
		10835E24193670FD005EAB0C /* SLYRecipeFlowView.h */ = {isa = PBXFileReference; fileEncoding = 4; lastKnownFileType = sourcecode.c.h; name = SLYRecipeFlowView.h; path = Views/SLYRecipeFlowView.h; sourceTree = "<group>"; };
		10835E25193670FD005EAB0C /* SLYRecipeFlowView.m */ = {isa = PBXFileReference; fileEncoding = 4; lastKnownFileType = sourcecode.c.objc; name = SLYRecipeFlowView.m; path = Views/SLYRecipeFlowView.m; sourceTree = "<group>"; };
		10835E27193674BB005EAB0C /* SLYRecipeFlowBoxView.h */ = {isa = PBXFileReference; fileEncoding = 4; lastKnownFileType = sourcecode.c.h; name = SLYRecipeFlowBoxView.h; path = Views/SLYRecipeFlowBoxView.h; sourceTree = "<group>"; };
		10835E28193674BB005EAB0C /* SLYRecipeFlowBoxView.m */ = {isa = PBXFileReference; fileEncoding = 4; lastKnownFileType = sourcecode.c.objc; name = SLYRecipeFlowBoxView.m; path = Views/SLYRecipeFlowBoxView.m; sourceTree = "<group>"; };
		10835E2E1936A085005EAB0C /* Montserrat-Bold.ttf */ = {isa = PBXFileReference; lastKnownFileType = file; name = "Montserrat-Bold.ttf"; path = "../Montserrat-Bold.ttf"; sourceTree = "<group>"; };
		10835E2F1936A085005EAB0C /* Montserrat-Regular.ttf */ = {isa = PBXFileReference; lastKnownFileType = file; name = "Montserrat-Regular.ttf"; path = "../Montserrat-Regular.ttf"; sourceTree = "<group>"; };
/* End PBXFileReference section */

/* Begin PBXFrameworksBuildPhase section */
		1001953A192EEBA3009337BD /* Frameworks */ = {
			isa = PBXFrameworksBuildPhase;
			buildActionMask = 2147483647;
			files = (
				10019543192EEBA3009337BD /* CoreGraphics.framework in Frameworks */,
				10019545192EEBA3009337BD /* UIKit.framework in Frameworks */,
				10019541192EEBA3009337BD /* Foundation.framework in Frameworks */,
			);
			runOnlyForDeploymentPostprocessing = 0;
		};
		10019555192EEBA3009337BD /* Frameworks */ = {
			isa = PBXFrameworksBuildPhase;
			buildActionMask = 2147483647;
			files = (
				1001955A192EEBA3009337BD /* XCTest.framework in Frameworks */,
				1001955C192EEBA3009337BD /* UIKit.framework in Frameworks */,
				1001955B192EEBA3009337BD /* Foundation.framework in Frameworks */,
			);
			runOnlyForDeploymentPostprocessing = 0;
		};
/* End PBXFrameworksBuildPhase section */

/* Begin PBXGroup section */
		10019534192EEBA3009337BD = {
			isa = PBXGroup;
			children = (
				10019546192EEBA3009337BD /* SimmerSchool */,
				1001955F192EEBA3009337BD /* SimmerSchoolTests */,
				1001953F192EEBA3009337BD /* Frameworks */,
				1001953E192EEBA3009337BD /* Products */,
			);
			sourceTree = "<group>";
		};
		1001953E192EEBA3009337BD /* Products */ = {
			isa = PBXGroup;
			children = (
				1001953D192EEBA3009337BD /* SimmerSchool.app */,
				10019558192EEBA3009337BD /* SimmerSchoolTests.xctest */,
			);
			name = Products;
			sourceTree = "<group>";
		};
		1001953F192EEBA3009337BD /* Frameworks */ = {
			isa = PBXGroup;
			children = (
				10019540192EEBA3009337BD /* Foundation.framework */,
				10019542192EEBA3009337BD /* CoreGraphics.framework */,
				10019544192EEBA3009337BD /* UIKit.framework */,
				10019559192EEBA3009337BD /* XCTest.framework */,
			);
			name = Frameworks;
			sourceTree = "<group>";
		};
		10019546192EEBA3009337BD /* SimmerSchool */ = {
			isa = PBXGroup;
			children = (
				1001954F192EEBA3009337BD /* SLYAppDelegate.h */,
				10019550192EEBA3009337BD /* SLYAppDelegate.m */,
				10019571192EEBCB009337BD /* Controllers */,
				10019570192EEBC8009337BD /* Views */,
				1001956F192EEBC1009337BD /* Models */,
				10019552192EEBA3009337BD /* Images.xcassets */,
				10019547192EEBA3009337BD /* Supporting Files */,
			);
			path = SimmerSchool;
			sourceTree = "<group>";
		};
		10019547192EEBA3009337BD /* Supporting Files */ = {
			isa = PBXGroup;
			children = (
				10835E2E1936A085005EAB0C /* Montserrat-Bold.ttf */,
				10835E2F1936A085005EAB0C /* Montserrat-Regular.ttf */,
				10019548192EEBA3009337BD /* SimmerSchool-Info.plist */,
				10019549192EEBA3009337BD /* InfoPlist.strings */,
				1001954C192EEBA3009337BD /* main.m */,
				1001954E192EEBA3009337BD /* SimmerSchool-Prefix.pch */,
			);
			name = "Supporting Files";
			sourceTree = "<group>";
		};
		1001955F192EEBA3009337BD /* SimmerSchoolTests */ = {
			isa = PBXGroup;
			children = (
				10019565192EEBA3009337BD /* SimmerSchoolTests.m */,
				10019560192EEBA3009337BD /* Supporting Files */,
			);
			path = SimmerSchoolTests;
			sourceTree = "<group>";
		};
		10019560192EEBA3009337BD /* Supporting Files */ = {
			isa = PBXGroup;
			children = (
				10019561192EEBA3009337BD /* SimmerSchoolTests-Info.plist */,
				10019562192EEBA3009337BD /* InfoPlist.strings */,
			);
			name = "Supporting Files";
			sourceTree = "<group>";
		};
		1001956F192EEBC1009337BD /* Models */ = {
			isa = PBXGroup;
			children = (
				10019572192EFD9B009337BD /* SLYRecipeBadge.h */,
				10019573192EFD9B009337BD /* SLYRecipeBadge.m */,
				1001958719310E7D009337BD /* SLYRecipe.h */,
				1001958819310E7D009337BD /* SLYRecipe.m */,
			);
			name = Models;
			sourceTree = "<group>";
		};
		10019570192EEBC8009337BD /* Views */ = {
			isa = PBXGroup;
			children = (
				1001958A193110C7009337BD /* SLYRecipeStepView.h */,
				1001958B193110C7009337BD /* SLYRecipeStepView.m */,
				10835E24193670FD005EAB0C /* SLYRecipeFlowView.h */,
				10835E25193670FD005EAB0C /* SLYRecipeFlowView.m */,
				10835E27193674BB005EAB0C /* SLYRecipeFlowBoxView.h */,
				10835E28193674BB005EAB0C /* SLYRecipeFlowBoxView.m */,
			);
			name = Views;
			sourceTree = "<group>";
		};
		10019571192EEBCB009337BD /* Controllers */ = {
			isa = PBXGroup;
			children = (
				100195751931098A009337BD /* SLYGameViewController.h */,
				100195761931098A009337BD /* SLYGameViewController.m */,
				100195771931098A009337BD /* SLYGameViewController.xib */,
				106D2B65193468F7000FCB5F /* SLYRecipeViewController.h */,
				106D2B66193468F7000FCB5F /* SLYRecipeViewController.m */,
				10835E1F19366C97005EAB0C /* SLYRecipeStepViewController.h */,
				10835E2019366C97005EAB0C /* SLYRecipeStepViewController.m */,
				10835E2119366C97005EAB0C /* SLYRecipeStepViewController.xib */,
			);
			name = Controllers;
			sourceTree = "<group>";
		};
/* End PBXGroup section */

/* Begin PBXNativeTarget section */
		1001953C192EEBA3009337BD /* SimmerSchool */ = {
			isa = PBXNativeTarget;
			buildConfigurationList = 10019569192EEBA3009337BD /* Build configuration list for PBXNativeTarget "SimmerSchool" */;
			buildPhases = (
				10019539192EEBA3009337BD /* Sources */,
				1001953A192EEBA3009337BD /* Frameworks */,
				1001953B192EEBA3009337BD /* Resources */,
			);
			buildRules = (
			);
			dependencies = (
			);
			name = SimmerSchool;
			productName = SimmerSchool;
			productReference = 1001953D192EEBA3009337BD /* SimmerSchool.app */;
			productType = "com.apple.product-type.application";
		};
		10019557192EEBA3009337BD /* SimmerSchoolTests */ = {
			isa = PBXNativeTarget;
			buildConfigurationList = 1001956C192EEBA3009337BD /* Build configuration list for PBXNativeTarget "SimmerSchoolTests" */;
			buildPhases = (
				10019554192EEBA3009337BD /* Sources */,
				10019555192EEBA3009337BD /* Frameworks */,
				10019556192EEBA3009337BD /* Resources */,
			);
			buildRules = (
			);
			dependencies = (
				1001955E192EEBA3009337BD /* PBXTargetDependency */,
			);
			name = SimmerSchoolTests;
			productName = SimmerSchoolTests;
			productReference = 10019558192EEBA3009337BD /* SimmerSchoolTests.xctest */;
			productType = "com.apple.product-type.bundle.unit-test";
		};
/* End PBXNativeTarget section */

/* Begin PBXProject section */
		10019535192EEBA3009337BD /* Project object */ = {
			isa = PBXProject;
			attributes = {
				CLASSPREFIX = SLY;
				LastUpgradeCheck = 0510;
				ORGANIZATIONNAME = "Silly Wombat";
				TargetAttributes = {
					10019557192EEBA3009337BD = {
						TestTargetID = 1001953C192EEBA3009337BD;
					};
				};
			};
			buildConfigurationList = 10019538192EEBA3009337BD /* Build configuration list for PBXProject "SimmerSchool" */;
			compatibilityVersion = "Xcode 3.2";
			developmentRegion = English;
			hasScannedForEncodings = 0;
			knownRegions = (
				en,
			);
			mainGroup = 10019534192EEBA3009337BD;
			productRefGroup = 1001953E192EEBA3009337BD /* Products */;
			projectDirPath = "";
			projectRoot = "";
			targets = (
				1001953C192EEBA3009337BD /* SimmerSchool */,
				10019557192EEBA3009337BD /* SimmerSchoolTests */,
			);
		};
/* End PBXProject section */

/* Begin PBXResourcesBuildPhase section */
		1001953B192EEBA3009337BD /* Resources */ = {
			isa = PBXResourcesBuildPhase;
			buildActionMask = 2147483647;
			files = (
				10835E301936A085005EAB0C /* Montserrat-Bold.ttf in Resources */,
				10835E311936A085005EAB0C /* Montserrat-Regular.ttf in Resources */,
				100195791931098A009337BD /* SLYGameViewController.xib in Resources */,
				1001954B192EEBA3009337BD /* InfoPlist.strings in Resources */,
				10019553192EEBA3009337BD /* Images.xcassets in Resources */,
				10835E2319366C97005EAB0C /* SLYRecipeStepViewController.xib in Resources */,
			);
			runOnlyForDeploymentPostprocessing = 0;
		};
		10019556192EEBA3009337BD /* Resources */ = {
			isa = PBXResourcesBuildPhase;
			buildActionMask = 2147483647;
			files = (
				10019564192EEBA3009337BD /* InfoPlist.strings in Resources */,
			);
			runOnlyForDeploymentPostprocessing = 0;
		};
/* End PBXResourcesBuildPhase section */

/* Begin PBXSourcesBuildPhase section */
		10019539192EEBA3009337BD /* Sources */ = {
			isa = PBXSourcesBuildPhase;
			buildActionMask = 2147483647;
			files = (
				1001954D192EEBA3009337BD /* main.m in Sources */,
				10835E29193674BB005EAB0C /* SLYRecipeFlowBoxView.m in Sources */,
				1001958C193110C7009337BD /* SLYRecipeStepView.m in Sources */,
				10019551192EEBA3009337BD /* SLYAppDelegate.m in Sources */,
				10835E2219366C97005EAB0C /* SLYRecipeStepViewController.m in Sources */,
				10835E26193670FD005EAB0C /* SLYRecipeFlowView.m in Sources */,
				106D2B67193468F7000FCB5F /* SLYRecipeViewController.m in Sources */,
				10019574192EFD9B009337BD /* SLYRecipeBadge.m in Sources */,
				100195781931098A009337BD /* SLYGameViewController.m in Sources */,
				1001958919310E7D009337BD /* SLYRecipe.m in Sources */,
			);
			runOnlyForDeploymentPostprocessing = 0;
		};
		10019554192EEBA3009337BD /* Sources */ = {
			isa = PBXSourcesBuildPhase;
			buildActionMask = 2147483647;
			files = (
				10019566192EEBA3009337BD /* SimmerSchoolTests.m in Sources */,
			);
			runOnlyForDeploymentPostprocessing = 0;
		};
/* End PBXSourcesBuildPhase section */

/* Begin PBXTargetDependency section */
		1001955E192EEBA3009337BD /* PBXTargetDependency */ = {
			isa = PBXTargetDependency;
			target = 1001953C192EEBA3009337BD /* SimmerSchool */;
			targetProxy = 1001955D192EEBA3009337BD /* PBXContainerItemProxy */;
		};
/* End PBXTargetDependency section */

/* Begin PBXVariantGroup section */
		10019549192EEBA3009337BD /* InfoPlist.strings */ = {
			isa = PBXVariantGroup;
			children = (
				1001954A192EEBA3009337BD /* en */,
			);
			name = InfoPlist.strings;
			sourceTree = "<group>";
		};
		10019562192EEBA3009337BD /* InfoPlist.strings */ = {
			isa = PBXVariantGroup;
			children = (
				10019563192EEBA3009337BD /* en */,
			);
			name = InfoPlist.strings;
			sourceTree = "<group>";
		};
/* End PBXVariantGroup section */

/* Begin XCBuildConfiguration section */
		10019567192EEBA3009337BD /* Debug */ = {
			isa = XCBuildConfiguration;
			buildSettings = {
				ALWAYS_SEARCH_USER_PATHS = NO;
				CLANG_CXX_LANGUAGE_STANDARD = "gnu++0x";
				CLANG_CXX_LIBRARY = "libc++";
				CLANG_ENABLE_MODULES = YES;
				CLANG_ENABLE_OBJC_ARC = YES;
				CLANG_WARN_BOOL_CONVERSION = YES;
				CLANG_WARN_CONSTANT_CONVERSION = YES;
				CLANG_WARN_DIRECT_OBJC_ISA_USAGE = YES_ERROR;
				CLANG_WARN_EMPTY_BODY = YES;
				CLANG_WARN_ENUM_CONVERSION = YES;
				CLANG_WARN_INT_CONVERSION = YES;
				CLANG_WARN_OBJC_ROOT_CLASS = YES_ERROR;
				CLANG_WARN__DUPLICATE_METHOD_MATCH = YES;
				"CODE_SIGN_IDENTITY[sdk=iphoneos*]" = "iPhone Developer";
				COPY_PHASE_STRIP = NO;
				GCC_C_LANGUAGE_STANDARD = gnu99;
				GCC_DYNAMIC_NO_PIC = NO;
				GCC_OPTIMIZATION_LEVEL = 0;
				GCC_PREPROCESSOR_DEFINITIONS = (
					"DEBUG=1",
					"$(inherited)",
				);
				GCC_SYMBOLS_PRIVATE_EXTERN = NO;
				GCC_WARN_64_TO_32_BIT_CONVERSION = YES;
				GCC_WARN_ABOUT_RETURN_TYPE = YES_ERROR;
				GCC_WARN_UNDECLARED_SELECTOR = YES;
				GCC_WARN_UNINITIALIZED_AUTOS = YES_AGGRESSIVE;
				GCC_WARN_UNUSED_FUNCTION = YES;
				GCC_WARN_UNUSED_VARIABLE = YES;
				IPHONEOS_DEPLOYMENT_TARGET = 7.1;
				ONLY_ACTIVE_ARCH = YES;
				SDKROOT = iphoneos;
				TARGETED_DEVICE_FAMILY = "1,2";
			};
			name = Debug;
		};
		10019568192EEBA3009337BD /* Release */ = {
			isa = XCBuildConfiguration;
			buildSettings = {
				ALWAYS_SEARCH_USER_PATHS = NO;
				CLANG_CXX_LANGUAGE_STANDARD = "gnu++0x";
				CLANG_CXX_LIBRARY = "libc++";
				CLANG_ENABLE_MODULES = YES;
				CLANG_ENABLE_OBJC_ARC = YES;
				CLANG_WARN_BOOL_CONVERSION = YES;
				CLANG_WARN_CONSTANT_CONVERSION = YES;
				CLANG_WARN_DIRECT_OBJC_ISA_USAGE = YES_ERROR;
				CLANG_WARN_EMPTY_BODY = YES;
				CLANG_WARN_ENUM_CONVERSION = YES;
				CLANG_WARN_INT_CONVERSION = YES;
				CLANG_WARN_OBJC_ROOT_CLASS = YES_ERROR;
				CLANG_WARN__DUPLICATE_METHOD_MATCH = YES;
				"CODE_SIGN_IDENTITY[sdk=iphoneos*]" = "iPhone Developer";
				COPY_PHASE_STRIP = YES;
				ENABLE_NS_ASSERTIONS = NO;
				GCC_C_LANGUAGE_STANDARD = gnu99;
				GCC_WARN_64_TO_32_BIT_CONVERSION = YES;
				GCC_WARN_ABOUT_RETURN_TYPE = YES_ERROR;
				GCC_WARN_UNDECLARED_SELECTOR = YES;
				GCC_WARN_UNINITIALIZED_AUTOS = YES_AGGRESSIVE;
				GCC_WARN_UNUSED_FUNCTION = YES;
				GCC_WARN_UNUSED_VARIABLE = YES;
				IPHONEOS_DEPLOYMENT_TARGET = 7.1;
				SDKROOT = iphoneos;
				TARGETED_DEVICE_FAMILY = "1,2";
				VALIDATE_PRODUCT = YES;
			};
			name = Release;
		};
		1001956A192EEBA3009337BD /* Debug */ = {
			isa = XCBuildConfiguration;
			buildSettings = {
				ASSETCATALOG_COMPILER_APPICON_NAME = AppIcon;
				ASSETCATALOG_COMPILER_LAUNCHIMAGE_NAME = LaunchImage;
				GCC_PRECOMPILE_PREFIX_HEADER = YES;
				GCC_PREFIX_HEADER = "SimmerSchool/SimmerSchool-Prefix.pch";
				INFOPLIST_FILE = "SimmerSchool/SimmerSchool-Info.plist";
				PRODUCT_NAME = "$(TARGET_NAME)";
				WRAPPER_EXTENSION = app;
			};
			name = Debug;
		};
		1001956B192EEBA3009337BD /* Release */ = {
			isa = XCBuildConfiguration;
			buildSettings = {
				ASSETCATALOG_COMPILER_APPICON_NAME = AppIcon;
				ASSETCATALOG_COMPILER_LAUNCHIMAGE_NAME = LaunchImage;
				GCC_PRECOMPILE_PREFIX_HEADER = YES;
				GCC_PREFIX_HEADER = "SimmerSchool/SimmerSchool-Prefix.pch";
				INFOPLIST_FILE = "SimmerSchool/SimmerSchool-Info.plist";
				PRODUCT_NAME = "$(TARGET_NAME)";
				WRAPPER_EXTENSION = app;
			};
			name = Release;
		};
		1001956D192EEBA3009337BD /* Debug */ = {
			isa = XCBuildConfiguration;
			buildSettings = {
				BUNDLE_LOADER = "$(BUILT_PRODUCTS_DIR)/SimmerSchool.app/SimmerSchool";
				FRAMEWORK_SEARCH_PATHS = (
					"$(SDKROOT)/Developer/Library/Frameworks",
					"$(inherited)",
					"$(DEVELOPER_FRAMEWORKS_DIR)",
				);
				GCC_PRECOMPILE_PREFIX_HEADER = YES;
				GCC_PREFIX_HEADER = "SimmerSchool/SimmerSchool-Prefix.pch";
				GCC_PREPROCESSOR_DEFINITIONS = (
					"DEBUG=1",
					"$(inherited)",
				);
				INFOPLIST_FILE = "SimmerSchoolTests/SimmerSchoolTests-Info.plist";
				PRODUCT_NAME = "$(TARGET_NAME)";
				TEST_HOST = "$(BUNDLE_LOADER)";
				WRAPPER_EXTENSION = xctest;
			};
			name = Debug;
		};
		1001956E192EEBA3009337BD /* Release */ = {
			isa = XCBuildConfiguration;
			buildSettings = {
				BUNDLE_LOADER = "$(BUILT_PRODUCTS_DIR)/SimmerSchool.app/SimmerSchool";
				FRAMEWORK_SEARCH_PATHS = (
					"$(SDKROOT)/Developer/Library/Frameworks",
					"$(inherited)",
					"$(DEVELOPER_FRAMEWORKS_DIR)",
				);
				GCC_PRECOMPILE_PREFIX_HEADER = YES;
				GCC_PREFIX_HEADER = "SimmerSchool/SimmerSchool-Prefix.pch";
				INFOPLIST_FILE = "SimmerSchoolTests/SimmerSchoolTests-Info.plist";
				PRODUCT_NAME = "$(TARGET_NAME)";
				TEST_HOST = "$(BUNDLE_LOADER)";
				WRAPPER_EXTENSION = xctest;
			};
			name = Release;
		};
/* End XCBuildConfiguration section */

/* Begin XCConfigurationList section */
		10019538192EEBA3009337BD /* Build configuration list for PBXProject "SimmerSchool" */ = {
			isa = XCConfigurationList;
			buildConfigurations = (
				10019567192EEBA3009337BD /* Debug */,
				10019568192EEBA3009337BD /* Release */,
			);
			defaultConfigurationIsVisible = 0;
			defaultConfigurationName = Release;
		};
		10019569192EEBA3009337BD /* Build configuration list for PBXNativeTarget "SimmerSchool" */ = {
			isa = XCConfigurationList;
			buildConfigurations = (
				1001956A192EEBA3009337BD /* Debug */,
				1001956B192EEBA3009337BD /* Release */,
			);
			defaultConfigurationIsVisible = 0;
			defaultConfigurationName = Release;
		};
		1001956C192EEBA3009337BD /* Build configuration list for PBXNativeTarget "SimmerSchoolTests" */ = {
			isa = XCConfigurationList;
			buildConfigurations = (
				1001956D192EEBA3009337BD /* Debug */,
				1001956E192EEBA3009337BD /* Release */,
			);
			defaultConfigurationIsVisible = 0;
			defaultConfigurationName = Release;
		};
/* End XCConfigurationList section */
	};
	rootObject = 10019535192EEBA3009337BD /* Project object */;
}
